
Microsoft Visual Studio Solution File, Format Version 12.00
# Visual Studio Version 16
VisualStudioVersion = 16.0.31515.178
MinimumVisualStudioVersion = 10.0.40219.1
Project("{888888A0-9F3D-457C-B088-3A5042F75D52}") = "Course Project - Phase 3 CIS 261", "Course Project - Phase 3 CIS 261.pyproj", "{79C72F7A-BFC6-49C1-99F2-B2CC20EAEBBA}"
EndProject
Global
	GlobalSection(SolutionConfigurationPlatforms) = preSolution
		Debug|Any CPU = Debug|Any CPU
		Release|Any CPU = Release|Any CPU
	EndGlobalSection
	GlobalSection(ProjectConfigurationPlatforms) = postSolution
		{79C72F7A-BFC6-49C1-99F2-B2CC20EAEBBA}.Debug|Any CPU.ActiveCfg = Debug|Any CPU
		{79C72F7A-BFC6-49C1-99F2-B2CC20EAEBBA}.Release|Any CPU.ActiveCfg = Release|Any CPU
	EndGlobalSection
	GlobalSection(SolutionProperties) = preSolution
		HideSolutionNode = FALSE
	EndGlobalSection
	GlobalSection(ExtensibilityGlobals) = postSolution
		SolutionGuid = {30E45E23-DB3F-41BA-B614-4BE48D9A9C19}
	EndGlobalSection
EndGlobal
